
Microsoft Visual Studio Solution File, Format Version 12.00
# Visual Studio Version 16
VisualStudioVersion = 16.0.31410.357
MinimumVisualStudioVersion = 10.0.40219.1
Project("{FAE04EC0-301F-11D3-BF4B-00C04F79EFBC}") = "XUnit.Api", "XUnit.Api\XUnit.Api.csproj", "{1A3E646C-41DD-4FF6-94A5-CBEA42B4F808}"
EndProject
Project("{FAE04EC0-301F-11D3-BF4B-00C04F79EFBC}") = "XUnit.Test", "XUnit.Test\XUnit.Test.csproj", "{68A86DBA-CA54-4515-B356-47AD81B3F93E}"
EndProject
Global
	GlobalSection(SolutionConfigurationPlatforms) = preSolution
		Debug|Any CPU = Debug|Any CPU
		Release|Any CPU = Release|Any CPU
	EndGlobalSection
	GlobalSection(ProjectConfigurationPlatforms) = postSolution
		{1A3E646C-41DD-4FF6-94A5-CBEA42B4F808}.Debug|Any CPU.ActiveCfg = Debug|Any CPU
		{1A3E646C-41DD-4FF6-94A5-CBEA42B4F808}.Debug|Any CPU.Build.0 = Debug|Any CPU
		{1A3E646C-41DD-4FF6-94A5-CBEA42B4F808}.Release|Any CPU.ActiveCfg = Release|Any CPU
		{1A3E646C-41DD-4FF6-94A5-CBEA42B4F808}.Release|Any CPU.Build.0 = Release|Any CPU
		{68A86DBA-CA54-4515-B356-47AD81B3F93E}.Debug|Any CPU.ActiveCfg = Debug|Any CPU
		{68A86DBA-CA54-4515-B356-47AD81B3F93E}.Debug|Any CPU.Build.0 = Debug|Any CPU
		{68A86DBA-CA54-4515-B356-47AD81B3F93E}.Release|Any CPU.ActiveCfg = Release|Any CPU
		{68A86DBA-CA54-4515-B356-47AD81B3F93E}.Release|Any CPU.Build.0 = Release|Any CPU
	EndGlobalSection
	GlobalSection(SolutionProperties) = preSolution
		HideSolutionNode = FALSE
	EndGlobalSection
	GlobalSection(ExtensibilityGlobals) = postSolution
		SolutionGuid = {258B5D52-435D-4FDE-AE04-24DE737F74E8}
	EndGlobalSection
EndGlobal
